
Microsoft Visual Studio Solution File, Format Version 12.00
# Visual Studio Version 16
VisualStudioVersion = 16.0.31729.503
MinimumVisualStudioVersion = 10.0.40219.1
Project("{FAE04EC0-301F-11D3-BF4B-00C04F79EFBC}") = "LearningArrays", "LearningArrays\LearningArrays.csproj", "{A1E34194-B955-4F7F-8380-BB82AA0A473A}"
EndProject
Global
	GlobalSection(SolutionConfigurationPlatforms) = preSolution
		Debug|Any CPU = Debug|Any CPU
		Release|Any CPU = Release|Any CPU
	EndGlobalSection
	GlobalSection(ProjectConfigurationPlatforms) = postSolution
		{A1E34194-B955-4F7F-8380-BB82AA0A473A}.Debug|Any CPU.ActiveCfg = Debug|Any CPU
		{A1E34194-B955-4F7F-8380-BB82AA0A473A}.Debug|Any CPU.Build.0 = Debug|Any CPU
		{A1E34194-B955-4F7F-8380-BB82AA0A473A}.Release|Any CPU.ActiveCfg = Release|Any CPU
		{A1E34194-B955-4F7F-8380-BB82AA0A473A}.Release|Any CPU.Build.0 = Release|Any CPU
	EndGlobalSection
	GlobalSection(SolutionProperties) = preSolution
		HideSolutionNode = FALSE
	EndGlobalSection
	GlobalSection(ExtensibilityGlobals) = postSolution
		SolutionGuid = {98C4F4A5-5519-470E-B71D-EC9B78083411}
	EndGlobalSection
EndGlobal
